
Microsoft Visual Studio Solution File, Format Version 12.00
# Visual Studio Version 17
VisualStudioVersion = 17.0.31903.59
MinimumVisualStudioVersion = 10.0.40219.1
Project("{FAE04EC0-301F-11D3-BF4B-00C04F79EFBC}") = "TestData", "TestData\TestData.csproj", "{A3FDC86E-AF66-47E7-8233-9EAA5F63D91C}"
EndProject
Project("{FAE04EC0-301F-11D3-BF4B-00C04F79EFBC}") = "ATProtoUI", "ATProtoUI\ATProtoUI.csproj", "{392401F0-A02A-4C3D-ADB6-4CF133418E44}"
EndProject
Project("{FAE04EC0-301F-11D3-BF4B-00C04F79EFBC}") = "ATProtoMAUI", "ATProtoMAUI\ATProtoMAUI.csproj", "{4F7264FE-BD54-450E-88FC-5194564CA775}"
EndProject
Global
	GlobalSection(SolutionConfigurationPlatforms) = preSolution
		Debug|Any CPU = Debug|Any CPU
		Release|Any CPU = Release|Any CPU
	EndGlobalSection
	GlobalSection(SolutionProperties) = preSolution
		HideSolutionNode = FALSE
	EndGlobalSection
	GlobalSection(ProjectConfigurationPlatforms) = postSolution
		{A3FDC86E-AF66-47E7-8233-9EAA5F63D91C}.Debug|Any CPU.ActiveCfg = Debug|Any CPU
		{A3FDC86E-AF66-47E7-8233-9EAA5F63D91C}.Debug|Any CPU.Build.0 = Debug|Any CPU
		{A3FDC86E-AF66-47E7-8233-9EAA5F63D91C}.Release|Any CPU.ActiveCfg = Release|Any CPU
		{A3FDC86E-AF66-47E7-8233-9EAA5F63D91C}.Release|Any CPU.Build.0 = Release|Any CPU
		{392401F0-A02A-4C3D-ADB6-4CF133418E44}.Debug|Any CPU.ActiveCfg = Debug|Any CPU
		{392401F0-A02A-4C3D-ADB6-4CF133418E44}.Debug|Any CPU.Build.0 = Debug|Any CPU
		{392401F0-A02A-4C3D-ADB6-4CF133418E44}.Release|Any CPU.ActiveCfg = Release|Any CPU
		{392401F0-A02A-4C3D-ADB6-4CF133418E44}.Release|Any CPU.Build.0 = Release|Any CPU
		{4F7264FE-BD54-450E-88FC-5194564CA775}.Debug|Any CPU.ActiveCfg = Debug|Any CPU
		{4F7264FE-BD54-450E-88FC-5194564CA775}.Debug|Any CPU.Build.0 = Debug|Any CPU
		{4F7264FE-BD54-450E-88FC-5194564CA775}.Release|Any CPU.ActiveCfg = Release|Any CPU
		{4F7264FE-BD54-450E-88FC-5194564CA775}.Release|Any CPU.Build.0 = Release|Any CPU
	EndGlobalSection
EndGlobal
